// !$*UTF8*$!
{
	archiveVersion = 1;
	classes = {
	};
	objectVersion = 50;
	objects = {

/* Begin PBXBuildFile section */
		79539278269605A50064A9FD /* SearchViewController.swift in Sources */ = {isa = PBXBuildFile; fileRef = 79539277269605A50064A9FD /* SearchViewController.swift */; };
		79539280269611BD0064A9FD /* LigandsTableViewCell.swift in Sources */ = {isa = PBXBuildFile; fileRef = 7953927E269611BD0064A9FD /* LigandsTableViewCell.swift */; };
		79539281269611BD0064A9FD /* LigandsTableViewCell.xib in Resources */ = {isa = PBXBuildFile; fileRef = 7953927F269611BD0064A9FD /* LigandsTableViewCell.xib */; };
		79539284269623D00064A9FD /* SceneViewController.swift in Sources */ = {isa = PBXBuildFile; fileRef = 79539283269623D00064A9FD /* SceneViewController.swift */; };
		7974DF862695CAD200DF74A3 /* AppDelegate.swift in Sources */ = {isa = PBXBuildFile; fileRef = 7974DF852695CAD200DF74A3 /* AppDelegate.swift */; };
		7974DF882695CAD200DF74A3 /* SceneDelegate.swift in Sources */ = {isa = PBXBuildFile; fileRef = 7974DF872695CAD200DF74A3 /* SceneDelegate.swift */; };
		7974DF8A2695CAD200DF74A3 /* ViewController.swift in Sources */ = {isa = PBXBuildFile; fileRef = 7974DF892695CAD200DF74A3 /* ViewController.swift */; };
		7974DF8D2695CAD300DF74A3 /* Main.storyboard in Resources */ = {isa = PBXBuildFile; fileRef = 7974DF8B2695CAD200DF74A3 /* Main.storyboard */; };
		7974DF8F2695CAD400DF74A3 /* Assets.xcassets in Resources */ = {isa = PBXBuildFile; fileRef = 7974DF8E2695CAD400DF74A3 /* Assets.xcassets */; };
		7974DF922695CAD400DF74A3 /* LaunchScreen.storyboard in Resources */ = {isa = PBXBuildFile; fileRef = 7974DF902695CAD400DF74A3 /* LaunchScreen.storyboard */; };
		79C3E770269C5118009D2C06 /* 000_ideal.pdb in Resources */ = {isa = PBXBuildFile; fileRef = 79C3E76F269C5118009D2C06 /* 000_ideal.pdb */; };
		79C3E774269C5D76009D2C06 /* ligands.txt in Resources */ = {isa = PBXBuildFile; fileRef = 79C3E773269C5D76009D2C06 /* ligands.txt */; };
		79C3E776269C60C0009D2C06 /* 001_ideal.pdb in Resources */ = {isa = PBXBuildFile; fileRef = 79C3E775269C60C0009D2C06 /* 001_ideal.pdb */; };
		79C3E778269C7653009D2C06 /* PeriodicTable.json in Resources */ = {isa = PBXBuildFile; fileRef = 79C3E777269C7653009D2C06 /* PeriodicTable.json */; };
		79C3E77D269C8C76009D2C06 /* Atom.swift in Sources */ = {isa = PBXBuildFile; fileRef = 79C3E77C269C8C76009D2C06 /* Atom.swift */; };
		79C3E77F269C8CBA009D2C06 /* ProteinScene.swift in Sources */ = {isa = PBXBuildFile; fileRef = 79C3E77E269C8CBA009D2C06 /* ProteinScene.swift */; };
		79C3E781269C8D89009D2C06 /* Api.swift in Sources */ = {isa = PBXBuildFile; fileRef = 79C3E780269C8D89009D2C06 /* Api.swift */; };
/* End PBXBuildFile section */

/* Begin PBXFileReference section */
		79539277269605A50064A9FD /* SearchViewController.swift */ = {isa = PBXFileReference; lastKnownFileType = sourcecode.swift; path = SearchViewController.swift; sourceTree = "<group>"; };
		7953927E269611BD0064A9FD /* LigandsTableViewCell.swift */ = {isa = PBXFileReference; lastKnownFileType = sourcecode.swift; path = LigandsTableViewCell.swift; sourceTree = "<group>"; };
		7953927F269611BD0064A9FD /* LigandsTableViewCell.xib */ = {isa = PBXFileReference; lastKnownFileType = file.xib; path = LigandsTableViewCell.xib; sourceTree = "<group>"; };
		79539283269623D00064A9FD /* SceneViewController.swift */ = {isa = PBXFileReference; lastKnownFileType = sourcecode.swift; path = SceneViewController.swift; sourceTree = "<group>"; };
		7974DF822695CAD200DF74A3 /* swifty-proteins.app */ = {isa = PBXFileReference; explicitFileType = wrapper.application; includeInIndex = 0; path = "swifty-proteins.app"; sourceTree = BUILT_PRODUCTS_DIR; };
		7974DF852695CAD200DF74A3 /* AppDelegate.swift */ = {isa = PBXFileReference; lastKnownFileType = sourcecode.swift; path = AppDelegate.swift; sourceTree = "<group>"; };
		7974DF872695CAD200DF74A3 /* SceneDelegate.swift */ = {isa = PBXFileReference; lastKnownFileType = sourcecode.swift; path = SceneDelegate.swift; sourceTree = "<group>"; };
		7974DF892695CAD200DF74A3 /* ViewController.swift */ = {isa = PBXFileReference; lastKnownFileType = sourcecode.swift; path = ViewController.swift; sourceTree = "<group>"; };
		7974DF8C2695CAD200DF74A3 /* Base */ = {isa = PBXFileReference; lastKnownFileType = file.storyboard; name = Base; path = Base.lproj/Main.storyboard; sourceTree = "<group>"; };
		7974DF8E2695CAD400DF74A3 /* Assets.xcassets */ = {isa = PBXFileReference; lastKnownFileType = folder.assetcatalog; path = Assets.xcassets; sourceTree = "<group>"; };
		7974DF912695CAD400DF74A3 /* Base */ = {isa = PBXFileReference; lastKnownFileType = file.storyboard; name = Base; path = Base.lproj/LaunchScreen.storyboard; sourceTree = "<group>"; };
		7974DF932695CAD400DF74A3 /* Info.plist */ = {isa = PBXFileReference; lastKnownFileType = text.plist.xml; path = Info.plist; sourceTree = "<group>"; };
		79C3E76F269C5118009D2C06 /* 000_ideal.pdb */ = {isa = PBXFileReference; fileEncoding = 4; lastKnownFileType = text; path = 000_ideal.pdb; sourceTree = "<group>"; };
		79C3E773269C5D76009D2C06 /* ligands.txt */ = {isa = PBXFileReference; fileEncoding = 4; lastKnownFileType = text; name = ligands.txt; path = ../../../ligands.txt; sourceTree = "<group>"; };
		79C3E775269C60C0009D2C06 /* 001_ideal.pdb */ = {isa = PBXFileReference; fileEncoding = 4; lastKnownFileType = text; path = 001_ideal.pdb; sourceTree = "<group>"; };
		79C3E777269C7653009D2C06 /* PeriodicTable.json */ = {isa = PBXFileReference; fileEncoding = 4; lastKnownFileType = text.json; path = PeriodicTable.json; sourceTree = "<group>"; };
		79C3E77C269C8C76009D2C06 /* Atom.swift */ = {isa = PBXFileReference; lastKnownFileType = sourcecode.swift; path = Atom.swift; sourceTree = "<group>"; };
		79C3E77E269C8CBA009D2C06 /* ProteinScene.swift */ = {isa = PBXFileReference; lastKnownFileType = sourcecode.swift; path = ProteinScene.swift; sourceTree = "<group>"; };
		79C3E780269C8D89009D2C06 /* Api.swift */ = {isa = PBXFileReference; lastKnownFileType = sourcecode.swift; path = Api.swift; sourceTree = "<group>"; };
/* End PBXFileReference section */

/* Begin PBXFrameworksBuildPhase section */
		7974DF7F2695CAD200DF74A3 /* Frameworks */ = {
			isa = PBXFrameworksBuildPhase;
			buildActionMask = 2147483647;
			files = (
			);
			runOnlyForDeploymentPostprocessing = 0;
		};
/* End PBXFrameworksBuildPhase section */

/* Begin PBXGroup section */
		7953927926960B6A0064A9FD /* ViewController */ = {
			isa = PBXGroup;
			children = (
				7974DF892695CAD200DF74A3 /* ViewController.swift */,
				79539277269605A50064A9FD /* SearchViewController.swift */,
				79539283269623D00064A9FD /* SceneViewController.swift */,
			);
			path = ViewController;
			sourceTree = "<group>";
		};
		79539282269619F40064A9FD /* ViewCell */ = {
			isa = PBXGroup;
			children = (
				7953927E269611BD0064A9FD /* LigandsTableViewCell.swift */,
				7953927F269611BD0064A9FD /* LigandsTableViewCell.xib */,
			);
			path = ViewCell;
			sourceTree = "<group>";
		};
		79539287269625E10064A9FD /* Files */ = {
			isa = PBXGroup;
			children = (
				79C3E777269C7653009D2C06 /* PeriodicTable.json */,
				79C3E773269C5D76009D2C06 /* ligands.txt */,
				79C3E76F269C5118009D2C06 /* 000_ideal.pdb */,
				79C3E775269C60C0009D2C06 /* 001_ideal.pdb */,
			);
			path = Files;
			sourceTree = "<group>";
		};
		7974DF792695CAD200DF74A3 = {
			isa = PBXGroup;
			children = (
				7974DF842695CAD200DF74A3 /* swifty-proteins */,
				7974DF832695CAD200DF74A3 /* Products */,
			);
			sourceTree = "<group>";
		};
		7974DF832695CAD200DF74A3 /* Products */ = {
			isa = PBXGroup;
			children = (
				7974DF822695CAD200DF74A3 /* swifty-proteins.app */,
			);
			name = Products;
			sourceTree = "<group>";
		};
		7974DF842695CAD200DF74A3 /* swifty-proteins */ = {
			isa = PBXGroup;
			children = (
				79539287269625E10064A9FD /* Files */,
				7974DF852695CAD200DF74A3 /* AppDelegate.swift */,
				7974DF872695CAD200DF74A3 /* SceneDelegate.swift */,
				7974DF8B2695CAD200DF74A3 /* Main.storyboard */,
				7953927926960B6A0064A9FD /* ViewController */,
				7974DF8E2695CAD400DF74A3 /* Assets.xcassets */,
				7974DF902695CAD400DF74A3 /* LaunchScreen.storyboard */,
				7974DF932695CAD400DF74A3 /* Info.plist */,
				79539282269619F40064A9FD /* ViewCell */,
				79C3E77C269C8C76009D2C06 /* Atom.swift */,
				79C3E77E269C8CBA009D2C06 /* ProteinScene.swift */,
				79C3E780269C8D89009D2C06 /* Api.swift */,
			);
			path = "swifty-proteins";
			sourceTree = "<group>";
		};
/* End PBXGroup section */

/* Begin PBXNativeTarget section */
		7974DF812695CAD200DF74A3 /* swifty-proteins */ = {
			isa = PBXNativeTarget;
			buildConfigurationList = 7974DF962695CAD400DF74A3 /* Build configuration list for PBXNativeTarget "swifty-proteins" */;
			buildPhases = (
				7974DF7E2695CAD200DF74A3 /* Sources */,
				7974DF7F2695CAD200DF74A3 /* Frameworks */,
				7974DF802695CAD200DF74A3 /* Resources */,
			);
			buildRules = (
			);
			dependencies = (
			);
			name = "swifty-proteins";
			productName = "swifty-proteins";
			productReference = 7974DF822695CAD200DF74A3 /* swifty-proteins.app */;
			productType = "com.apple.product-type.application";
		};
/* End PBXNativeTarget section */

/* Begin PBXProject section */
		7974DF7A2695CAD200DF74A3 /* Project object */ = {
			isa = PBXProject;
			attributes = {
				LastSwiftUpdateCheck = 1130;
				LastUpgradeCheck = 1130;
				ORGANIZATIONNAME = "Amine Mersoul";
				TargetAttributes = {
					7974DF812695CAD200DF74A3 = {
						CreatedOnToolsVersion = 11.3.1;
					};
				};
			};
			buildConfigurationList = 7974DF7D2695CAD200DF74A3 /* Build configuration list for PBXProject "swifty-proteins" */;
			compatibilityVersion = "Xcode 9.3";
			developmentRegion = en;
			hasScannedForEncodings = 0;
			knownRegions = (
				en,
				Base,
			);
			mainGroup = 7974DF792695CAD200DF74A3;
			productRefGroup = 7974DF832695CAD200DF74A3 /* Products */;
			projectDirPath = "";
			projectRoot = "";
			targets = (
				7974DF812695CAD200DF74A3 /* swifty-proteins */,
			);
		};
/* End PBXProject section */

/* Begin PBXResourcesBuildPhase section */
		7974DF802695CAD200DF74A3 /* Resources */ = {
			isa = PBXResourcesBuildPhase;
			buildActionMask = 2147483647;
			files = (
				7974DF922695CAD400DF74A3 /* LaunchScreen.storyboard in Resources */,
				79C3E774269C5D76009D2C06 /* ligands.txt in Resources */,
				79C3E776269C60C0009D2C06 /* 001_ideal.pdb in Resources */,
				7974DF8F2695CAD400DF74A3 /* Assets.xcassets in Resources */,
				79539281269611BD0064A9FD /* LigandsTableViewCell.xib in Resources */,
				7974DF8D2695CAD300DF74A3 /* Main.storyboard in Resources */,
				79C3E770269C5118009D2C06 /* 000_ideal.pdb in Resources */,
				79C3E778269C7653009D2C06 /* PeriodicTable.json in Resources */,
			);
			runOnlyForDeploymentPostprocessing = 0;
		};
/* End PBXResourcesBuildPhase section */

/* Begin PBXSourcesBuildPhase section */
		7974DF7E2695CAD200DF74A3 /* Sources */ = {
			isa = PBXSourcesBuildPhase;
			buildActionMask = 2147483647;
			files = (
				79C3E781269C8D89009D2C06 /* Api.swift in Sources */,
				79539280269611BD0064A9FD /* LigandsTableViewCell.swift in Sources */,
				7974DF8A2695CAD200DF74A3 /* ViewController.swift in Sources */,
				7974DF862695CAD200DF74A3 /* AppDelegate.swift in Sources */,
				79539284269623D00064A9FD /* SceneViewController.swift in Sources */,
				79C3E77F269C8CBA009D2C06 /* ProteinScene.swift in Sources */,
				79539278269605A50064A9FD /* SearchViewController.swift in Sources */,
				79C3E77D269C8C76009D2C06 /* Atom.swift in Sources */,
				7974DF882695CAD200DF74A3 /* SceneDelegate.swift in Sources */,
			);
			runOnlyForDeploymentPostprocessing = 0;
		};
/* End PBXSourcesBuildPhase section */

/* Begin PBXVariantGroup section */
		7974DF8B2695CAD200DF74A3 /* Main.storyboard */ = {
			isa = PBXVariantGroup;
			children = (
				7974DF8C2695CAD200DF74A3 /* Base */,
			);
			name = Main.storyboard;
			sourceTree = "<group>";
		};
		7974DF902695CAD400DF74A3 /* LaunchScreen.storyboard */ = {
			isa = PBXVariantGroup;
			children = (
				7974DF912695CAD400DF74A3 /* Base */,
			);
			name = LaunchScreen.storyboard;
			sourceTree = "<group>";
		};
/* End PBXVariantGroup section */

/* Begin XCBuildConfiguration section */
		7974DF942695CAD400DF74A3 /* Debug */ = {
			isa = XCBuildConfiguration;
			buildSettings = {
				ALWAYS_SEARCH_USER_PATHS = NO;
				CLANG_ANALYZER_NONNULL = YES;
				CLANG_ANALYZER_NUMBER_OBJECT_CONVERSION = YES_AGGRESSIVE;
				CLANG_CXX_LANGUAGE_STANDARD = "gnu++14";
				CLANG_CXX_LIBRARY = "libc++";
				CLANG_ENABLE_MODULES = YES;
				CLANG_ENABLE_OBJC_ARC = YES;
				CLANG_ENABLE_OBJC_WEAK = YES;
				CLANG_WARN_BLOCK_CAPTURE_AUTORELEASING = YES;
				CLANG_WARN_BOOL_CONVERSION = YES;
				CLANG_WARN_COMMA = YES;
				CLANG_WARN_CONSTANT_CONVERSION = YES;
				CLANG_WARN_DEPRECATED_OBJC_IMPLEMENTATIONS = YES;
				CLANG_WARN_DIRECT_OBJC_ISA_USAGE = YES_ERROR;
				CLANG_WARN_DOCUMENTATION_COMMENTS = YES;
				CLANG_WARN_EMPTY_BODY = YES;
				CLANG_WARN_ENUM_CONVERSION = YES;
				CLANG_WARN_INFINITE_RECURSION = YES;
				CLANG_WARN_INT_CONVERSION = YES;
				CLANG_WARN_NON_LITERAL_NULL_CONVERSION = YES;
				CLANG_WARN_OBJC_IMPLICIT_RETAIN_SELF = YES;
				CLANG_WARN_OBJC_LITERAL_CONVERSION = YES;
				CLANG_WARN_OBJC_ROOT_CLASS = YES_ERROR;
				CLANG_WARN_RANGE_LOOP_ANALYSIS = YES;
				CLANG_WARN_STRICT_PROTOTYPES = YES;
				CLANG_WARN_SUSPICIOUS_MOVE = YES;
				CLANG_WARN_UNGUARDED_AVAILABILITY = YES_AGGRESSIVE;
				CLANG_WARN_UNREACHABLE_CODE = YES;
				CLANG_WARN__DUPLICATE_METHOD_MATCH = YES;
				COPY_PHASE_STRIP = NO;
				DEBUG_INFORMATION_FORMAT = dwarf;
				ENABLE_STRICT_OBJC_MSGSEND = YES;
				ENABLE_TESTABILITY = YES;
				GCC_C_LANGUAGE_STANDARD = gnu11;
				GCC_DYNAMIC_NO_PIC = NO;
				GCC_NO_COMMON_BLOCKS = YES;
				GCC_OPTIMIZATION_LEVEL = 0;
				GCC_PREPROCESSOR_DEFINITIONS = (
					"DEBUG=1",
					"$(inherited)",
				);
				GCC_WARN_64_TO_32_BIT_CONVERSION = YES;
				GCC_WARN_ABOUT_RETURN_TYPE = YES_ERROR;
				GCC_WARN_UNDECLARED_SELECTOR = YES;
				GCC_WARN_UNINITIALIZED_AUTOS = YES_AGGRESSIVE;
				GCC_WARN_UNUSED_FUNCTION = YES;
				GCC_WARN_UNUSED_VARIABLE = YES;
				IPHONEOS_DEPLOYMENT_TARGET = 13.2;
				MTL_ENABLE_DEBUG_INFO = INCLUDE_SOURCE;
				MTL_FAST_MATH = YES;
				ONLY_ACTIVE_ARCH = YES;
				SDKROOT = iphoneos;
				SWIFT_ACTIVE_COMPILATION_CONDITIONS = DEBUG;
				SWIFT_OPTIMIZATION_LEVEL = "-Onone";
			};
			name = Debug;
		};
		7974DF952695CAD400DF74A3 /* Release */ = {
			isa = XCBuildConfiguration;
			buildSettings = {
				ALWAYS_SEARCH_USER_PATHS = NO;
				CLANG_ANALYZER_NONNULL = YES;
				CLANG_ANALYZER_NUMBER_OBJECT_CONVERSION = YES_AGGRESSIVE;
				CLANG_CXX_LANGUAGE_STANDARD = "gnu++14";
				CLANG_CXX_LIBRARY = "libc++";
				CLANG_ENABLE_MODULES = YES;
				CLANG_ENABLE_OBJC_ARC = YES;
				CLANG_ENABLE_OBJC_WEAK = YES;
				CLANG_WARN_BLOCK_CAPTURE_AUTORELEASING = YES;
				CLANG_WARN_BOOL_CONVERSION = YES;
				CLANG_WARN_COMMA = YES;
				CLANG_WARN_CONSTANT_CONVERSION = YES;
				CLANG_WARN_DEPRECATED_OBJC_IMPLEMENTATIONS = YES;
				CLANG_WARN_DIRECT_OBJC_ISA_USAGE = YES_ERROR;
				CLANG_WARN_DOCUMENTATION_COMMENTS = YES;
				CLANG_WARN_EMPTY_BODY = YES;
				CLANG_WARN_ENUM_CONVERSION = YES;
				CLANG_WARN_INFINITE_RECURSION = YES;
				CLANG_WARN_INT_CONVERSION = YES;
				CLANG_WARN_NON_LITERAL_NULL_CONVERSION = YES;
				CLANG_WARN_OBJC_IMPLICIT_RETAIN_SELF = YES;
				CLANG_WARN_OBJC_LITERAL_CONVERSION = YES;
				CLANG_WARN_OBJC_ROOT_CLASS = YES_ERROR;
				CLANG_WARN_RANGE_LOOP_ANALYSIS = YES;
				CLANG_WARN_STRICT_PROTOTYPES = YES;
				CLANG_WARN_SUSPICIOUS_MOVE = YES;
				CLANG_WARN_UNGUARDED_AVAILABILITY = YES_AGGRESSIVE;
				CLANG_WARN_UNREACHABLE_CODE = YES;
				CLANG_WARN__DUPLICATE_METHOD_MATCH = YES;
				COPY_PHASE_STRIP = NO;
				DEBUG_INFORMATION_FORMAT = "dwarf-with-dsym";
				ENABLE_NS_ASSERTIONS = NO;
				ENABLE_STRICT_OBJC_MSGSEND = YES;
				GCC_C_LANGUAGE_STANDARD = gnu11;
				GCC_NO_COMMON_BLOCKS = YES;
				GCC_WARN_64_TO_32_BIT_CONVERSION = YES;
				GCC_WARN_ABOUT_RETURN_TYPE = YES_ERROR;
				GCC_WARN_UNDECLARED_SELECTOR = YES;
				GCC_WARN_UNINITIALIZED_AUTOS = YES_AGGRESSIVE;
				GCC_WARN_UNUSED_FUNCTION = YES;
				GCC_WARN_UNUSED_VARIABLE = YES;
				IPHONEOS_DEPLOYMENT_TARGET = 13.2;
				MTL_ENABLE_DEBUG_INFO = NO;
				MTL_FAST_MATH = YES;
				SDKROOT = iphoneos;
				SWIFT_COMPILATION_MODE = wholemodule;
				SWIFT_OPTIMIZATION_LEVEL = "-O";
				VALIDATE_PRODUCT = YES;
			};
			name = Release;
		};
		7974DF972695CAD400DF74A3 /* Debug */ = {
			isa = XCBuildConfiguration;
			buildSettings = {
				ASSETCATALOG_COMPILER_APPICON_NAME = AppIcon;
				CODE_SIGN_STYLE = Automatic;
				INFOPLIST_FILE = "swifty-proteins/Info.plist";
				LD_RUNPATH_SEARCH_PATHS = (
					"$(inherited)",
					"@executable_path/Frameworks",
				);
				PRODUCT_BUNDLE_IDENTIFIER = "amersoul.swifty-proteins";
				PRODUCT_NAME = "$(TARGET_NAME)";
				SWIFT_VERSION = 5.0;
				TARGETED_DEVICE_FAMILY = "1,2";
			};
			name = Debug;
		};
		7974DF982695CAD400DF74A3 /* Release */ = {
			isa = XCBuildConfiguration;
			buildSettings = {
				ASSETCATALOG_COMPILER_APPICON_NAME = AppIcon;
				CODE_SIGN_STYLE = Automatic;
				INFOPLIST_FILE = "swifty-proteins/Info.plist";
				LD_RUNPATH_SEARCH_PATHS = (
					"$(inherited)",
					"@executable_path/Frameworks",
				);
				PRODUCT_BUNDLE_IDENTIFIER = "amersoul.swifty-proteins";
				PRODUCT_NAME = "$(TARGET_NAME)";
				SWIFT_VERSION = 5.0;
				TARGETED_DEVICE_FAMILY = "1,2";
			};
			name = Release;
		};
/* End XCBuildConfiguration section */

/* Begin XCConfigurationList section */
		7974DF7D2695CAD200DF74A3 /* Build configuration list for PBXProject "swifty-proteins" */ = {
			isa = XCConfigurationList;
			buildConfigurations = (
				7974DF942695CAD400DF74A3 /* Debug */,
				7974DF952695CAD400DF74A3 /* Release */,
			);
			defaultConfigurationIsVisible = 0;
			defaultConfigurationName = Release;
		};
		7974DF962695CAD400DF74A3 /* Build configuration list for PBXNativeTarget "swifty-proteins" */ = {
			isa = XCConfigurationList;
			buildConfigurations = (
				7974DF972695CAD400DF74A3 /* Debug */,
				7974DF982695CAD400DF74A3 /* Release */,
			);
			defaultConfigurationIsVisible = 0;
			defaultConfigurationName = Release;
		};
/* End XCConfigurationList section */
	};
	rootObject = 7974DF7A2695CAD200DF74A3 /* Project object */;
}
